// !$*UTF8*$!
{
	archiveVersion = 1;
	classes = {
	};
	objectVersion = 56;
	objects = {

/* Begin PBXBuildFile section */
		2951DD85D906A0A1C8A5439A /* Pods_YMapKitDemo.framework in Frameworks */ = {isa = PBXBuildFile; fileRef = C3A08AE997E01FDDD645A0B4 /* Pods_YMapKitDemo.framework */; };
		8AC95A8F2BFF47690048A580 /* AppDelegate.swift in Sources */ = {isa = PBXBuildFile; fileRef = 8AC95A8E2BFF47690048A580 /* AppDelegate.swift */; };
		8AC95A932BFF47690048A580 /* MainViewController.swift in Sources */ = {isa = PBXBuildFile; fileRef = 8AC95A922BFF47690048A580 /* MainViewController.swift */; };
		8AC95A982BFF476A0048A580 /* Assets.xcassets in Resources */ = {isa = PBXBuildFile; fileRef = 8AC95A972BFF476A0048A580 /* Assets.xcassets */; };
		8AC95A9B2BFF476A0048A580 /* Base in Resources */ = {isa = PBXBuildFile; fileRef = 8AC95A9A2BFF476A0048A580 /* Base */; };
		8AC95AA32BFFEDA80048A580 /* MapViewController.swift in Sources */ = {isa = PBXBuildFile; fileRef = 8AC95AA22BFFEDA80048A580 /* MapViewController.swift */; };
		8AC95AA52BFFF0BC0048A580 /* Logger.swift in Sources */ = {isa = PBXBuildFile; fileRef = 8AC95AA42BFFF0BC0048A580 /* Logger.swift */; };
		8AC999FE2C08B8C70048A580 /* MapPreviewViewController.swift in Sources */ = {isa = PBXBuildFile; fileRef = 8AC999FD2C08B8C70048A580 /* MapPreviewViewController.swift */; };
		8AC99A002C0A0BC60048A580 /* ResourcePool.swift in Sources */ = {isa = PBXBuildFile; fileRef = 8AC999FF2C0A0BC60048A580 /* ResourcePool.swift */; };
/* End PBXBuildFile section */

/* Begin PBXFileReference section */
		6443755F0CE47DD1D318B3D0 /* Pods-YMapKitDemo.debug.xcconfig */ = {isa = PBXFileReference; includeInIndex = 1; lastKnownFileType = text.xcconfig; name = "Pods-YMapKitDemo.debug.xcconfig"; path = "Target Support Files/Pods-YMapKitDemo/Pods-YMapKitDemo.debug.xcconfig"; sourceTree = "<group>"; };
		8AC95A8B2BFF47690048A580 /* YMapKitDemo.app */ = {isa = PBXFileReference; explicitFileType = wrapper.application; includeInIndex = 0; path = YMapKitDemo.app; sourceTree = BUILT_PRODUCTS_DIR; };
		8AC95A8E2BFF47690048A580 /* AppDelegate.swift */ = {isa = PBXFileReference; lastKnownFileType = sourcecode.swift; path = AppDelegate.swift; sourceTree = "<group>"; };
		8AC95A922BFF47690048A580 /* MainViewController.swift */ = {isa = PBXFileReference; lastKnownFileType = sourcecode.swift; path = MainViewController.swift; sourceTree = "<group>"; };
		8AC95A972BFF476A0048A580 /* Assets.xcassets */ = {isa = PBXFileReference; lastKnownFileType = folder.assetcatalog; path = Assets.xcassets; sourceTree = "<group>"; };
		8AC95A9A2BFF476A0048A580 /* Base */ = {isa = PBXFileReference; lastKnownFileType = file.storyboard; name = Base; path = Base.lproj/LaunchScreen.storyboard; sourceTree = "<group>"; };
		8AC95A9C2BFF476A0048A580 /* Info.plist */ = {isa = PBXFileReference; lastKnownFileType = text.plist.xml; path = Info.plist; sourceTree = "<group>"; };
		8AC95AA22BFFEDA80048A580 /* MapViewController.swift */ = {isa = PBXFileReference; lastKnownFileType = sourcecode.swift; path = MapViewController.swift; sourceTree = "<group>"; };
		8AC95AA42BFFF0BC0048A580 /* Logger.swift */ = {isa = PBXFileReference; lastKnownFileType = sourcecode.swift; path = Logger.swift; sourceTree = "<group>"; };
		8AC999FD2C08B8C70048A580 /* MapPreviewViewController.swift */ = {isa = PBXFileReference; lastKnownFileType = sourcecode.swift; path = MapPreviewViewController.swift; sourceTree = "<group>"; };
		8AC999FF2C0A0BC60048A580 /* ResourcePool.swift */ = {isa = PBXFileReference; lastKnownFileType = sourcecode.swift; path = ResourcePool.swift; sourceTree = "<group>"; };
		C3A08AE997E01FDDD645A0B4 /* Pods_YMapKitDemo.framework */ = {isa = PBXFileReference; explicitFileType = wrapper.framework; includeInIndex = 0; path = Pods_YMapKitDemo.framework; sourceTree = BUILT_PRODUCTS_DIR; };
		D79871FE75ACF19A7073DCCF /* Pods-YMapKitDemo.release.xcconfig */ = {isa = PBXFileReference; includeInIndex = 1; lastKnownFileType = text.xcconfig; name = "Pods-YMapKitDemo.release.xcconfig"; path = "Target Support Files/Pods-YMapKitDemo/Pods-YMapKitDemo.release.xcconfig"; sourceTree = "<group>"; };
/* End PBXFileReference section */

/* Begin PBXFrameworksBuildPhase section */
		8AC95A882BFF47690048A580 /* Frameworks */ = {
			isa = PBXFrameworksBuildPhase;
			buildActionMask = 2147483647;
			files = (
				2951DD85D906A0A1C8A5439A /* Pods_YMapKitDemo.framework in Frameworks */,
			);
			runOnlyForDeploymentPostprocessing = 0;
		};
/* End PBXFrameworksBuildPhase section */

/* Begin PBXGroup section */
		8AC95A822BFF47690048A580 = {
			isa = PBXGroup;
			children = (
				8AC95A8D2BFF47690048A580 /* YMapKitDemo */,
				8AC95A8C2BFF47690048A580 /* Products */,
				BFE992C362E582F5CE62C5D7 /* Pods */,
				B8A55DACE286F569D1695B52 /* Frameworks */,
			);
			sourceTree = "<group>";
		};
		8AC95A8C2BFF47690048A580 /* Products */ = {
			isa = PBXGroup;
			children = (
				8AC95A8B2BFF47690048A580 /* YMapKitDemo.app */,
			);
			name = Products;
			sourceTree = "<group>";
		};
		8AC95A8D2BFF47690048A580 /* YMapKitDemo */ = {
			isa = PBXGroup;
			children = (
				8AC95A8E2BFF47690048A580 /* AppDelegate.swift */,
				8AC95A922BFF47690048A580 /* MainViewController.swift */,
				8AC95AA22BFFEDA80048A580 /* MapViewController.swift */,
				8AC999FD2C08B8C70048A580 /* MapPreviewViewController.swift */,
				8AC999FF2C0A0BC60048A580 /* ResourcePool.swift */,
				8AC95AA42BFFF0BC0048A580 /* Logger.swift */,
				8AC95A972BFF476A0048A580 /* Assets.xcassets */,
				8AC95A992BFF476A0048A580 /* LaunchScreen.storyboard */,
				8AC95A9C2BFF476A0048A580 /* Info.plist */,
			);
			path = YMapKitDemo;
			sourceTree = "<group>";
		};
		B8A55DACE286F569D1695B52 /* Frameworks */ = {
			isa = PBXGroup;
			children = (
				C3A08AE997E01FDDD645A0B4 /* Pods_YMapKitDemo.framework */,
			);
			name = Frameworks;
			sourceTree = "<group>";
		};
		BFE992C362E582F5CE62C5D7 /* Pods */ = {
			isa = PBXGroup;
			children = (
				6443755F0CE47DD1D318B3D0 /* Pods-YMapKitDemo.debug.xcconfig */,
				D79871FE75ACF19A7073DCCF /* Pods-YMapKitDemo.release.xcconfig */,
			);
			name = Pods;
			path = ../Pods;
			sourceTree = "<group>";
		};
/* End PBXGroup section */

/* Begin PBXNativeTarget section */
		8AC95A8A2BFF47690048A580 /* YMapKitDemo */ = {
			isa = PBXNativeTarget;
			buildConfigurationList = 8AC95A9F2BFF476A0048A580 /* Build configuration list for PBXNativeTarget "YMapKitDemo" */;
			buildPhases = (
				1534646EE1931D09E56C2DBB /* [CP] Check Pods Manifest.lock */,
				8AC95A872BFF47690048A580 /* Sources */,
				8AC95A882BFF47690048A580 /* Frameworks */,
				8AC95A892BFF47690048A580 /* Resources */,
				FD9E00C59EE030A1CA59EBB8 /* [CP] Copy Pods Resources */,
			);
			buildRules = (
			);
			dependencies = (
			);
			name = YMapKitDemo;
			productName = YMapKitDemo;
			productReference = 8AC95A8B2BFF47690048A580 /* YMapKitDemo.app */;
			productType = "com.apple.product-type.application";
		};
/* End PBXNativeTarget section */

/* Begin PBXProject section */
		8AC95A832BFF47690048A580 /* Project object */ = {
			isa = PBXProject;
			attributes = {
				BuildIndependentTargetsInParallel = 1;
				LastSwiftUpdateCheck = 1530;
				LastUpgradeCheck = 1530;
				TargetAttributes = {
					8AC95A8A2BFF47690048A580 = {
						CreatedOnToolsVersion = 15.3;
					};
				};
			};
			buildConfigurationList = 8AC95A862BFF47690048A580 /* Build configuration list for PBXProject "YMapKitDemo" */;
			compatibilityVersion = "Xcode 14.0";
			developmentRegion = en;
			hasScannedForEncodings = 0;
			knownRegions = (
				en,
				Base,
			);
			mainGroup = 8AC95A822BFF47690048A580;
			productRefGroup = 8AC95A8C2BFF47690048A580 /* Products */;
			projectDirPath = "";
			projectRoot = "";
			targets = (
				8AC95A8A2BFF47690048A580 /* YMapKitDemo */,
			);
		};
/* End PBXProject section */

/* Begin PBXResourcesBuildPhase section */
		8AC95A892BFF47690048A580 /* Resources */ = {
			isa = PBXResourcesBuildPhase;
			buildActionMask = 2147483647;
			files = (
				8AC95A982BFF476A0048A580 /* Assets.xcassets in Resources */,
				8AC95A9B2BFF476A0048A580 /* Base in Resources */,
			);
			runOnlyForDeploymentPostprocessing = 0;
		};
/* End PBXResourcesBuildPhase section */

/* Begin PBXShellScriptBuildPhase section */
		1534646EE1931D09E56C2DBB /* [CP] Check Pods Manifest.lock */ = {
			isa = PBXShellScriptBuildPhase;
			buildActionMask = 2147483647;
			files = (
			);
			inputFileListPaths = (
			);
			inputPaths = (
				"${PODS_PODFILE_DIR_PATH}/Podfile.lock",
				"${PODS_ROOT}/Manifest.lock",
			);
			name = "[CP] Check Pods Manifest.lock";
			outputFileListPaths = (
			);
			outputPaths = (
				"$(DERIVED_FILE_DIR)/Pods-YMapKitDemo-checkManifestLockResult.txt",
			);
			runOnlyForDeploymentPostprocessing = 0;
			shellPath = /bin/sh;
			shellScript = "diff \"${PODS_PODFILE_DIR_PATH}/Podfile.lock\" \"${PODS_ROOT}/Manifest.lock\" > /dev/null\nif [ $? != 0 ] ; then\n    # print error to STDERR\n    echo \"error: The sandbox is not in sync with the Podfile.lock. Run 'pod install' or update your CocoaPods installation.\" >&2\n    exit 1\nfi\n# This output is used by Xcode 'outputs' to avoid re-running this script phase.\necho \"SUCCESS\" > \"${SCRIPT_OUTPUT_FILE_0}\"\n";
			showEnvVarsInLog = 0;
		};
		FD9E00C59EE030A1CA59EBB8 /* [CP] Copy Pods Resources */ = {
			isa = PBXShellScriptBuildPhase;
			buildActionMask = 2147483647;
			files = (
			);
			inputFileListPaths = (
				"${PODS_ROOT}/Target Support Files/Pods-YMapKitDemo/Pods-YMapKitDemo-resources-${CONFIGURATION}-input-files.xcfilelist",
			);
			name = "[CP] Copy Pods Resources";
			outputFileListPaths = (
				"${PODS_ROOT}/Target Support Files/Pods-YMapKitDemo/Pods-YMapKitDemo-resources-${CONFIGURATION}-output-files.xcfilelist",
			);
			runOnlyForDeploymentPostprocessing = 0;
			shellPath = /bin/sh;
			shellScript = "\"${PODS_ROOT}/Target Support Files/Pods-YMapKitDemo/Pods-YMapKitDemo-resources.sh\"\n";
			showEnvVarsInLog = 0;
		};
/* End PBXShellScriptBuildPhase section */

/* Begin PBXSourcesBuildPhase section */
		8AC95A872BFF47690048A580 /* Sources */ = {
			isa = PBXSourcesBuildPhase;
			buildActionMask = 2147483647;
			files = (
				8AC95A932BFF47690048A580 /* MainViewController.swift in Sources */,
				8AC999FE2C08B8C70048A580 /* MapPreviewViewController.swift in Sources */,
				8AC95AA32BFFEDA80048A580 /* MapViewController.swift in Sources */,
				8AC95A8F2BFF47690048A580 /* AppDelegate.swift in Sources */,
				8AC99A002C0A0BC60048A580 /* ResourcePool.swift in Sources */,
				8AC95AA52BFFF0BC0048A580 /* Logger.swift in Sources */,
			);
			runOnlyForDeploymentPostprocessing = 0;
		};
/* End PBXSourcesBuildPhase section */

/* Begin PBXVariantGroup section */
		8AC95A992BFF476A0048A580 /* LaunchScreen.storyboard */ = {
			isa = PBXVariantGroup;
			children = (
				8AC95A9A2BFF476A0048A580 /* Base */,
			);
			name = LaunchScreen.storyboard;
			sourceTree = "<group>";
		};
/* End PBXVariantGroup section */

/* Begin XCBuildConfiguration section */
		8AC95A9D2BFF476A0048A580 /* Debug */ = {
			isa = XCBuildConfiguration;
			buildSettings = {
				ALWAYS_SEARCH_USER_PATHS = NO;
				ASSETCATALOG_COMPILER_GENERATE_SWIFT_ASSET_SYMBOL_EXTENSIONS = YES;
				CLANG_ANALYZER_NONNULL = YES;
				CLANG_ANALYZER_NUMBER_OBJECT_CONVERSION = YES_AGGRESSIVE;
				CLANG_CXX_LANGUAGE_STANDARD = "gnu++20";
				CLANG_ENABLE_MODULES = YES;
				CLANG_ENABLE_OBJC_ARC = YES;
				CLANG_ENABLE_OBJC_WEAK = YES;
				CLANG_WARN_BLOCK_CAPTURE_AUTORELEASING = YES;
				CLANG_WARN_BOOL_CONVERSION = YES;
				CLANG_WARN_COMMA = YES;
				CLANG_WARN_CONSTANT_CONVERSION = YES;
				CLANG_WARN_DEPRECATED_OBJC_IMPLEMENTATIONS = YES;
				CLANG_WARN_DIRECT_OBJC_ISA_USAGE = YES_ERROR;
				CLANG_WARN_DOCUMENTATION_COMMENTS = YES;
				CLANG_WARN_EMPTY_BODY = YES;
				CLANG_WARN_ENUM_CONVERSION = YES;
				CLANG_WARN_INFINITE_RECURSION = YES;
				CLANG_WARN_INT_CONVERSION = YES;
				CLANG_WARN_NON_LITERAL_NULL_CONVERSION = YES;
				CLANG_WARN_OBJC_IMPLICIT_RETAIN_SELF = YES;
				CLANG_WARN_OBJC_LITERAL_CONVERSION = YES;
				CLANG_WARN_OBJC_ROOT_CLASS = YES_ERROR;
				CLANG_WARN_QUOTED_INCLUDE_IN_FRAMEWORK_HEADER = YES;
				CLANG_WARN_RANGE_LOOP_ANALYSIS = YES;
				CLANG_WARN_STRICT_PROTOTYPES = YES;
				CLANG_WARN_SUSPICIOUS_MOVE = YES;
				CLANG_WARN_UNGUARDED_AVAILABILITY = YES_AGGRESSIVE;
				CLANG_WARN_UNREACHABLE_CODE = YES;
				CLANG_WARN__DUPLICATE_METHOD_MATCH = YES;
				COPY_PHASE_STRIP = NO;
				DEBUG_INFORMATION_FORMAT = dwarf;
				ENABLE_STRICT_OBJC_MSGSEND = YES;
				ENABLE_TESTABILITY = YES;
				ENABLE_USER_SCRIPT_SANDBOXING = YES;
				GCC_C_LANGUAGE_STANDARD = gnu17;
				GCC_DYNAMIC_NO_PIC = NO;
				GCC_NO_COMMON_BLOCKS = YES;
				GCC_OPTIMIZATION_LEVEL = 0;
				GCC_PREPROCESSOR_DEFINITIONS = (
					"DEBUG=1",
					"$(inherited)",
				);
				GCC_WARN_64_TO_32_BIT_CONVERSION = YES;
				GCC_WARN_ABOUT_RETURN_TYPE = YES_ERROR;
				GCC_WARN_UNDECLARED_SELECTOR = YES;
				GCC_WARN_UNINITIALIZED_AUTOS = YES_AGGRESSIVE;
				GCC_WARN_UNUSED_FUNCTION = YES;
				GCC_WARN_UNUSED_VARIABLE = YES;
				IPHONEOS_DEPLOYMENT_TARGET = 17.4;
				LOCALIZATION_PREFERS_STRING_CATALOGS = YES;
				MTL_ENABLE_DEBUG_INFO = INCLUDE_SOURCE;
				MTL_FAST_MATH = YES;
				ONLY_ACTIVE_ARCH = YES;
				SDKROOT = iphoneos;
				SWIFT_ACTIVE_COMPILATION_CONDITIONS = "DEBUG $(inherited)";
				SWIFT_OPTIMIZATION_LEVEL = "-Onone";
			};
			name = Debug;
		};
		8AC95A9E2BFF476A0048A580 /* Release */ = {
			isa = XCBuildConfiguration;
			buildSettings = {
				ALWAYS_SEARCH_USER_PATHS = NO;
				ASSETCATALOG_COMPILER_GENERATE_SWIFT_ASSET_SYMBOL_EXTENSIONS = YES;
				CLANG_ANALYZER_NONNULL = YES;
				CLANG_ANALYZER_NUMBER_OBJECT_CONVERSION = YES_AGGRESSIVE;
				CLANG_CXX_LANGUAGE_STANDARD = "gnu++20";
				CLANG_ENABLE_MODULES = YES;
				CLANG_ENABLE_OBJC_ARC = YES;
				CLANG_ENABLE_OBJC_WEAK = YES;
				CLANG_WARN_BLOCK_CAPTURE_AUTORELEASING = YES;
				CLANG_WARN_BOOL_CONVERSION = YES;
				CLANG_WARN_COMMA = YES;
				CLANG_WARN_CONSTANT_CONVERSION = YES;
				CLANG_WARN_DEPRECATED_OBJC_IMPLEMENTATIONS = YES;
				CLANG_WARN_DIRECT_OBJC_ISA_USAGE = YES_ERROR;
				CLANG_WARN_DOCUMENTATION_COMMENTS = YES;
				CLANG_WARN_EMPTY_BODY = YES;
				CLANG_WARN_ENUM_CONVERSION = YES;
				CLANG_WARN_INFINITE_RECURSION = YES;
				CLANG_WARN_INT_CONVERSION = YES;
				CLANG_WARN_NON_LITERAL_NULL_CONVERSION = YES;
				CLANG_WARN_OBJC_IMPLICIT_RETAIN_SELF = YES;
				CLANG_WARN_OBJC_LITERAL_CONVERSION = YES;
				CLANG_WARN_OBJC_ROOT_CLASS = YES_ERROR;
				CLANG_WARN_QUOTED_INCLUDE_IN_FRAMEWORK_HEADER = YES;
				CLANG_WARN_RANGE_LOOP_ANALYSIS = YES;
				CLANG_WARN_STRICT_PROTOTYPES = YES;
				CLANG_WARN_SUSPICIOUS_MOVE = YES;
				CLANG_WARN_UNGUARDED_AVAILABILITY = YES_AGGRESSIVE;
				CLANG_WARN_UNREACHABLE_CODE = YES;
				CLANG_WARN__DUPLICATE_METHOD_MATCH = YES;
				COPY_PHASE_STRIP = NO;
				DEBUG_INFORMATION_FORMAT = "dwarf-with-dsym";
				ENABLE_NS_ASSERTIONS = NO;
				ENABLE_STRICT_OBJC_MSGSEND = YES;
				ENABLE_USER_SCRIPT_SANDBOXING = YES;
				GCC_C_LANGUAGE_STANDARD = gnu17;
				GCC_NO_COMMON_BLOCKS = YES;
				GCC_WARN_64_TO_32_BIT_CONVERSION = YES;
				GCC_WARN_ABOUT_RETURN_TYPE = YES_ERROR;
				GCC_WARN_UNDECLARED_SELECTOR = YES;
				GCC_WARN_UNINITIALIZED_AUTOS = YES_AGGRESSIVE;
				GCC_WARN_UNUSED_FUNCTION = YES;
				GCC_WARN_UNUSED_VARIABLE = YES;
				IPHONEOS_DEPLOYMENT_TARGET = 17.4;
				LOCALIZATION_PREFERS_STRING_CATALOGS = YES;
				MTL_ENABLE_DEBUG_INFO = NO;
				MTL_FAST_MATH = YES;
				SDKROOT = iphoneos;
				SWIFT_COMPILATION_MODE = wholemodule;
				VALIDATE_PRODUCT = YES;
			};
			name = Release;
		};
		8AC95AA02BFF476A0048A580 /* Debug */ = {
			isa = XCBuildConfiguration;
			baseConfigurationReference = 6443755F0CE47DD1D318B3D0 /* Pods-YMapKitDemo.debug.xcconfig */;
			buildSettings = {
				ASSETCATALOG_COMPILER_APPICON_NAME = AppIcon;
				ASSETCATALOG_COMPILER_GLOBAL_ACCENT_COLOR_NAME = AccentColor;
				CLANG_ALLOW_NON_MODULAR_INCLUDES_IN_FRAMEWORK_MODULES = NO;
				CLANG_CXX_LANGUAGE_STANDARD = "gnu++20";
				CLANG_ENABLE_OBJC_WEAK = YES;
				CODE_SIGN_STYLE = Automatic;
				CURRENT_PROJECT_VERSION = 1;
				DEVELOPMENT_TEAM = MMD97WB5PT;
				ENABLE_USER_SCRIPT_SANDBOXING = NO;
				GCC_C_LANGUAGE_STANDARD = gnu17;
				GENERATE_INFOPLIST_FILE = YES;
				INFOPLIST_FILE = YMapKitDemo/Info.plist;
				INFOPLIST_KEY_UIApplicationSupportsIndirectInputEvents = YES;
				INFOPLIST_KEY_UILaunchStoryboardName = LaunchScreen;
				INFOPLIST_KEY_UIRequiresFullScreen = YES;
				INFOPLIST_KEY_UISupportedInterfaceOrientations = UIInterfaceOrientationPortrait;
				IPHONEOS_DEPLOYMENT_TARGET = 15.0;
				LD_RUNPATH_SEARCH_PATHS = (
					"$(inherited)",
					"@executable_path/Frameworks",
				);
				MARKETING_VERSION = 1.0;
				PRODUCT_BUNDLE_IDENTIFIER = ru.demo.YMapKitDemo;
				PRODUCT_NAME = "$(TARGET_NAME)";
				SWIFT_EMIT_LOC_STRINGS = YES;
				SWIFT_VERSION = 5.0;
				TARGETED_DEVICE_FAMILY = "1,2";
			};
			name = Debug;
		};
		8AC95AA12BFF476A0048A580 /* Release */ = {
			isa = XCBuildConfiguration;
			baseConfigurationReference = D79871FE75ACF19A7073DCCF /* Pods-YMapKitDemo.release.xcconfig */;
			buildSettings = {
				ASSETCATALOG_COMPILER_APPICON_NAME = AppIcon;
				ASSETCATALOG_COMPILER_GLOBAL_ACCENT_COLOR_NAME = AccentColor;
				CLANG_ALLOW_NON_MODULAR_INCLUDES_IN_FRAMEWORK_MODULES = NO;
				CLANG_CXX_LANGUAGE_STANDARD = "gnu++20";
				CLANG_ENABLE_OBJC_WEAK = YES;
				CODE_SIGN_STYLE = Automatic;
				CURRENT_PROJECT_VERSION = 1;
				DEVELOPMENT_TEAM = MMD97WB5PT;
				ENABLE_USER_SCRIPT_SANDBOXING = NO;
				GCC_C_LANGUAGE_STANDARD = gnu17;
				GENERATE_INFOPLIST_FILE = YES;
				INFOPLIST_FILE = YMapKitDemo/Info.plist;
				INFOPLIST_KEY_UIApplicationSupportsIndirectInputEvents = YES;
				INFOPLIST_KEY_UILaunchStoryboardName = LaunchScreen;
				INFOPLIST_KEY_UIRequiresFullScreen = YES;
				INFOPLIST_KEY_UISupportedInterfaceOrientations = UIInterfaceOrientationPortrait;
				IPHONEOS_DEPLOYMENT_TARGET = 15.0;
				LD_RUNPATH_SEARCH_PATHS = (
					"$(inherited)",
					"@executable_path/Frameworks",
				);
				MARKETING_VERSION = 1.0;
				PRODUCT_BUNDLE_IDENTIFIER = ru.demo.YMapKitDemo;
				PRODUCT_NAME = "$(TARGET_NAME)";
				SWIFT_EMIT_LOC_STRINGS = YES;
				SWIFT_VERSION = 5.0;
				TARGETED_DEVICE_FAMILY = "1,2";
			};
			name = Release;
		};
/* End XCBuildConfiguration section */

/* Begin XCConfigurationList section */
		8AC95A862BFF47690048A580 /* Build configuration list for PBXProject "YMapKitDemo" */ = {
			isa = XCConfigurationList;
			buildConfigurations = (
				8AC95A9D2BFF476A0048A580 /* Debug */,
				8AC95A9E2BFF476A0048A580 /* Release */,
			);
			defaultConfigurationIsVisible = 0;
			defaultConfigurationName = Release;
		};
		8AC95A9F2BFF476A0048A580 /* Build configuration list for PBXNativeTarget "YMapKitDemo" */ = {
			isa = XCConfigurationList;
			buildConfigurations = (
				8AC95AA02BFF476A0048A580 /* Debug */,
				8AC95AA12BFF476A0048A580 /* Release */,
			);
			defaultConfigurationIsVisible = 0;
			defaultConfigurationName = Release;
		};
/* End XCConfigurationList section */
	};
	rootObject = 8AC95A832BFF47690048A580 /* Project object */;
}
